{
    "name": "customizepractice",
    "version": "1.0.0",
    "lockfileVersion": 1,
    "requires": true,
    "dependencies": {
        "create-vite": {
            "version": "5.5.1",
            "resolved": "https://registry.npmjs.org/create-vite/-/create-vite-5.5.1.tgz",
            "integrity": "sha512-+mHQ/4JYyDyY/7TmYIh1FYuGZdUQTrMl8JCyhiioVapAwpTrUyGMIP8qrcFfXUuYAk+DuiAbI/6xOhM4MS7rQQ=="
        }
    }
}
